
Microsoft Visual Studio Solution File, Format Version 12.00
# Visual Studio Version 17
VisualStudioVersion = 17.3.32901.215
MinimumVisualStudioVersion = 10.0.40219.1
Project("{FAE04EC0-301F-11D3-BF4B-00C04F79EFBC}") = "AzureFunctions", "AzureFunctions\AzureFunctions.csproj", "{E4EBE7A0-BF77-44FA-9A62-67C747E46632}"
EndProject
Global
	GlobalSection(SolutionConfigurationPlatforms) = preSolution
		Debug|Any CPU = Debug|Any CPU
		Release|Any CPU = Release|Any CPU
	EndGlobalSection
	GlobalSection(ProjectConfigurationPlatforms) = postSolution
		{E4EBE7A0-BF77-44FA-9A62-67C747E46632}.Debug|Any CPU.ActiveCfg = Debug|Any CPU
		{E4EBE7A0-BF77-44FA-9A62-67C747E46632}.Debug|Any CPU.Build.0 = Debug|Any CPU
		{E4EBE7A0-BF77-44FA-9A62-67C747E46632}.Release|Any CPU.ActiveCfg = Release|Any CPU
		{E4EBE7A0-BF77-44FA-9A62-67C747E46632}.Release|Any CPU.Build.0 = Release|Any CPU
	EndGlobalSection
	GlobalSection(SolutionProperties) = preSolution
		HideSolutionNode = FALSE
	EndGlobalSection
	GlobalSection(ExtensibilityGlobals) = postSolution
		SolutionGuid = {CDB3FC03-60A5-4739-86BA-5C3690269254}
	EndGlobalSection
EndGlobal
